
Microsoft Visual Studio Solution File, Format Version 12.00
# Visual Studio Version 17
VisualStudioVersion = 17.1.31911.260
MinimumVisualStudioVersion = 10.0.40219.1
Project("{FAE04EC0-301F-11D3-BF4B-00C04F79EFBC}") = "Geolocation.Api", "Geolocation.Api\Geolocation.Api.csproj", "{4113A131-9F7C-4101-A081-2607D764F769}"
EndProject
Project("{FAE04EC0-301F-11D3-BF4B-00C04F79EFBC}") = "Geolocation.Api.Tests", "Geolocation.Api.Tests\Geolocation.Api.Tests.csproj", "{31F4DD0C-10D9-4E98-B394-B6DD9F372556}"
EndProject
Global
	GlobalSection(SolutionConfigurationPlatforms) = preSolution
		Debug|Any CPU = Debug|Any CPU
		Release|Any CPU = Release|Any CPU
	EndGlobalSection
	GlobalSection(ProjectConfigurationPlatforms) = postSolution
		{4113A131-9F7C-4101-A081-2607D764F769}.Debug|Any CPU.ActiveCfg = Debug|Any CPU
		{4113A131-9F7C-4101-A081-2607D764F769}.Debug|Any CPU.Build.0 = Debug|Any CPU
		{4113A131-9F7C-4101-A081-2607D764F769}.Release|Any CPU.ActiveCfg = Release|Any CPU
		{4113A131-9F7C-4101-A081-2607D764F769}.Release|Any CPU.Build.0 = Release|Any CPU
		{31F4DD0C-10D9-4E98-B394-B6DD9F372556}.Debug|Any CPU.ActiveCfg = Debug|Any CPU
		{31F4DD0C-10D9-4E98-B394-B6DD9F372556}.Debug|Any CPU.Build.0 = Debug|Any CPU
		{31F4DD0C-10D9-4E98-B394-B6DD9F372556}.Release|Any CPU.ActiveCfg = Release|Any CPU
		{31F4DD0C-10D9-4E98-B394-B6DD9F372556}.Release|Any CPU.Build.0 = Release|Any CPU
	EndGlobalSection
	GlobalSection(SolutionProperties) = preSolution
		HideSolutionNode = FALSE
	EndGlobalSection
	GlobalSection(ExtensibilityGlobals) = postSolution
		SolutionGuid = {B8579DAF-A106-4B61-81BF-336E531F4A8E}
	EndGlobalSection
EndGlobal
